<?xml version="1.0" encoding="utf-8"?>
<Project ToolsVersion="4.0" xmlns="http://schemas.microsoft.com/developer/msbuild/2003">
  <ItemGroup>
    <Filter Include="Source Files">
      <UniqueIdentifier>{4FC737F1-C7A5-4376-A066-2A32D752A2FF}</UniqueIdentifier>
      <Extensions>cpp;c;cc;cxx;def;odl;idl;hpj;bat;asm;asmx</Extensions>
    </Filter>
    <Filter Include="Header Files">
      <UniqueIdentifier>{93995380-89BD-4b04-88EB-625FBE52EBFB}</UniqueIdentifier>
      <Extensions>h;hh;hpp;hxx;hm;inl;inc;xsd</Extensions>
    </Filter>
    <Filter Include="Resource Files">
      <UniqueIdentifier>{67DA6AB6-F800-4c08-8B7A-83BB121AAD01}</UniqueIdentifier>
      <Extensions>rc;ico;cur;bmp;dlg;rc2;rct;bin;rgs;gif;jpg;jpeg;jpe;resx;tiff;tif;png;wav;mfcribbon-ms</Extensions>
    </Filter>
  </ItemGroup>
  <ItemGroup>
    <ClInclude Include="stdafx.h">
      <Filter>Header Files</Filter>
    </ClInclude>
    <ClInclude Include="targetver.h">
      <Filter>Header Files</Filter>
    </ClInclude>
    <ClInclude Include="Shader.h">
      <Filter>Header Files</Filter>
    </ClInclude>
    <ClInclude Include="Shader_s.h">
      <Filter>Header Files</Filter>
    </ClInclude>
    <ClInclude Include="stb_image.h">
      <Filter>Header Files</Filter>
    </ClInclude>
    <ClInclude Include="Camera.h">
      <Filter>Header Files</Filter>
    </ClInclude>
    <ClInclude Include="Mesh.h">
      <Filter>Header Files</Filter>
    </ClInclude>
    <ClInclude Include="ReadObj.h">
      <Filter>Header Files</Filter>
    </ClInclude>
    <ClInclude Include="testMesh.h">
      <Filter>Header Files</Filter>
    </ClInclude>
    <ClInclude Include="Model.h">
      <Filter>Header Files</Filter>
    </ClInclude>
    <ClInclude Include="Depend.h">
      <Filter>Header Files</Filter>
    </ClInclude>
    <ClInclude Include="CallBack.h">
      <Filter>Header Files</Filter>
    </ClInclude>
  </ItemGroup>
  <ItemGroup>
    <ClCompile Include="stdafx.cpp">
      <Filter>Source Files</Filter>
    </ClCompile>
    <ClCompile Include="MyProgram.cpp">
      <Filter>Source Files</Filter>
    </ClCompile>
    <ClCompile Include="glad.c">
      <Filter>Source Files</Filter>
    </ClCompile>
    <ClCompile Include="stb_image.cpp">
      <Filter>Source Files</Filter>
    </ClCompile>
    <ClCompile Include="LNwindow.cpp">
      <Filter>Source Files</Filter>
    </ClCompile>
    <ClCompile Include="LNtriangle.cpp">
      <Filter>Source Files</Filter>
    </ClCompile>
    <ClCompile Include="LNtranslate.cpp">
      <Filter>Source Files</Filter>
    </ClCompile>
    <ClCompile Include="LNtexture.cpp">
      <Filter>Source Files</Filter>
    </ClCompile>
    <ClCompile Include="LNshader.cpp">
      <Filter>Source Files</Filter>
    </ClCompile>
    <ClCompile Include="LNGLcoordinate.cpp">
      <Filter>Source Files</Filter>
    </ClCompile>
    <ClCompile Include="LNcamera.cpp">
      <Filter>Source Files</Filter>
    </ClCompile>
    <ClCompile Include="LNcameranew.cpp">
      <Filter>Source Files</Filter>
    </ClCompile>
    <ClCompile Include="LNlightColor.cpp">
      <Filter>Source Files</Filter>
    </ClCompile>
    <ClCompile Include="LNbasiclight.cpp">
      <Filter>Source Files</Filter>
    </ClCompile>
    <ClCompile Include="ReadObj.cpp">
      <Filter>Source Files</Filter>
    </ClCompile>
    <ClCompile Include="MyTest.cpp">
      <Filter>Source Files</Filter>
    </ClCompile>
    <ClCompile Include="LNmodel.cpp">
      <Filter>Source Files</Filter>
    </ClCompile>
    <ClCompile Include="LNmaterial.cpp">
      <Filter>Source Files</Filter>
    </ClCompile>
    <ClCompile Include="LNlightDiffuse.cpp">
      <Filter>Source Files</Filter>
    </ClCompile>
    <ClCompile Include="LNlightSpecular.cpp">
      <Filter>Source Files</Filter>
    </ClCompile>
    <ClCompile Include="LNlightexercise.cpp">
      <Filter>Source Files</Filter>
    </ClCompile>
    <ClCompile Include="LNlightCastDirection.cpp">
      <Filter>Source Files</Filter>
    </ClCompile>
    <ClCompile Include="LNlightCastPoint.cpp">
      <Filter>Source Files</Filter>
    </ClCompile>
    <ClCompile Include="LNlightCastSpot.cpp">
      <Filter>Source Files</Filter>
    </ClCompile>
    <ClCompile Include="LNlightCastSpotSoft.cpp">
      <Filter>Source Files</Filter>
    </ClCompile>
    <ClCompile Include="LNmultipleLight.cpp">
      <Filter>Source Files</Filter>
    </ClCompile>
    <ClCompile Include="LNdepthTest.cpp">
      <Filter>Source Files</Filter>
    </ClCompile>
    <ClCompile Include="DrawTooth.cpp">
      <Filter>Source Files</Filter>
    </ClCompile>
    <ClCompile Include="LNstenciltest.cpp">
      <Filter>Source Files</Filter>
    </ClCompile>
    <ClCompile Include="CallBack.cpp">
      <Filter>Source Files</Filter>
    </ClCompile>
    <ClCompile Include="LNblendingdiscard.cpp">
      <Filter>Source Files</Filter>
    </ClCompile>
    <ClCompile Include="LNblendingsort.cpp">
      <Filter>Source Files</Filter>
    </ClCompile>
    <ClCompile Include="LNframebuffers.cpp">
      <Filter>Source Files</Filter>
    </ClCompile>
    <ClCompile Include="LNcubemaps_skybox.cpp">
      <Filter>Source Files</Filter>
    </ClCompile>
    <ClCompile Include="LNcubemaps_environment_mapping.cpp">
      <Filter>Source Files</Filter>
    </ClCompile>
    <ClCompile Include="LNglslubo.cpp">
      <Filter>Source Files</Filter>
    </ClCompile>
    <ClCompile Include="LNgeometryshaderhouse.cpp">
      <Filter>Source Files</Filter>
    </ClCompile>
    <ClCompile Include="LNgeometryshaderexploding.cpp">
      <Filter>Source Files</Filter>
    </ClCompile>
    <ClCompile Include="LNgeometryshadernormal.cpp">
      <Filter>Source Files</Filter>
    </ClCompile>
    <ClCompile Include="LNinstancequads.cpp">
      <Filter>Source Files</Filter>
    </ClCompile>
    <ClCompile Include="LNasteroids.cpp">
      <Filter>Source Files</Filter>
    </ClCompile>
    <ClCompile Include="LNasteroidsinstanced.cpp">
      <Filter>Source Files</Filter>
    </ClCompile>
    <ClCompile Include="LNantialiasing.cpp">
      <Filter>Source Files</Filter>
    </ClCompile>
  </ItemGroup>
  <ItemGroup>
    <None Include="test.vert">
      <Filter>Source Files</Filter>
    </None>
  </ItemGroup>
</Project>